// !$*UTF8*$!
{
	archiveVersion = 1;
	classes = {
	};
	objectVersion = 46;
	objects = {

/* Begin PBXBuildFile section */
		4C10DEFF1B67E02F00A73A1A /* AppDelegate.swift in Sources */ = {isa = PBXBuildFile; fileRef = 4C10DEFE1B67E02F00A73A1A /* AppDelegate.swift */; };
		4C10DF011B67E02F00A73A1A /* ISSLocationViewController.swift in Sources */ = {isa = PBXBuildFile; fileRef = 4C10DF001B67E02F00A73A1A /* ISSLocationViewController.swift */; };
		4C10DF041B67E02F00A73A1A /* Main.storyboard in Resources */ = {isa = PBXBuildFile; fileRef = 4C10DF021B67E02F00A73A1A /* Main.storyboard */; };
		4C10DF061B67E02F00A73A1A /* Images.xcassets in Resources */ = {isa = PBXBuildFile; fileRef = 4C10DF051B67E02F00A73A1A /* Images.xcassets */; };
		4C10DF091B67E02F00A73A1A /* LaunchScreen.xib in Resources */ = {isa = PBXBuildFile; fileRef = 4C10DF071B67E02F00A73A1A /* LaunchScreen.xib */; };
		4C10DF151B67E02F00A73A1A /* ISSTests.swift in Sources */ = {isa = PBXBuildFile; fileRef = 4C10DF141B67E02F00A73A1A /* ISSTests.swift */; };
		4C10DF1F1B67EB1F00A73A1A /* MapKit.framework in Frameworks */ = {isa = PBXBuildFile; fileRef = 4C10DF1E1B67EB1F00A73A1A /* MapKit.framework */; };
		4C10DF211B67EC9300A73A1A /* CoreLocation.framework in Frameworks */ = {isa = PBXBuildFile; fileRef = 4C10DF201B67EC9300A73A1A /* CoreLocation.framework */; };
/* End PBXBuildFile section */

/* Begin PBXContainerItemProxy section */
		4C10DF0F1B67E02F00A73A1A /* PBXContainerItemProxy */ = {
			isa = PBXContainerItemProxy;
			containerPortal = 4C10DEF11B67E02E00A73A1A /* Project object */;
			proxyType = 1;
			remoteGlobalIDString = 4C10DEF81B67E02F00A73A1A;
			remoteInfo = ISS;
		};
/* End PBXContainerItemProxy section */

/* Begin PBXFileReference section */
		4C10DEF91B67E02F00A73A1A /* ISS.app */ = {isa = PBXFileReference; explicitFileType = wrapper.application; includeInIndex = 0; path = ISS.app; sourceTree = BUILT_PRODUCTS_DIR; };
		4C10DEFD1B67E02F00A73A1A /* Info.plist */ = {isa = PBXFileReference; lastKnownFileType = text.plist.xml; path = Info.plist; sourceTree = "<group>"; };
		4C10DEFE1B67E02F00A73A1A /* AppDelegate.swift */ = {isa = PBXFileReference; lastKnownFileType = sourcecode.swift; path = AppDelegate.swift; sourceTree = "<group>"; };
		4C10DF001B67E02F00A73A1A /* ISSLocationViewController.swift */ = {isa = PBXFileReference; lastKnownFileType = sourcecode.swift; path = ISSLocationViewController.swift; sourceTree = "<group>"; };
		4C10DF031B67E02F00A73A1A /* Base */ = {isa = PBXFileReference; lastKnownFileType = file.storyboard; name = Base; path = Base.lproj/Main.storyboard; sourceTree = "<group>"; };
		4C10DF051B67E02F00A73A1A /* Images.xcassets */ = {isa = PBXFileReference; lastKnownFileType = folder.assetcatalog; path = Images.xcassets; sourceTree = "<group>"; };
		4C10DF081B67E02F00A73A1A /* Base */ = {isa = PBXFileReference; lastKnownFileType = file.xib; name = Base; path = Base.lproj/LaunchScreen.xib; sourceTree = "<group>"; };
		4C10DF0E1B67E02F00A73A1A /* ISSTests.xctest */ = {isa = PBXFileReference; explicitFileType = wrapper.cfbundle; includeInIndex = 0; path = ISSTests.xctest; sourceTree = BUILT_PRODUCTS_DIR; };
		4C10DF131B67E02F00A73A1A /* Info.plist */ = {isa = PBXFileReference; lastKnownFileType = text.plist.xml; path = Info.plist; sourceTree = "<group>"; };
		4C10DF141B67E02F00A73A1A /* ISSTests.swift */ = {isa = PBXFileReference; lastKnownFileType = sourcecode.swift; path = ISSTests.swift; sourceTree = "<group>"; };
		4C10DF1E1B67EB1F00A73A1A /* MapKit.framework */ = {isa = PBXFileReference; lastKnownFileType = wrapper.framework; name = MapKit.framework; path = System/Library/Frameworks/MapKit.framework; sourceTree = SDKROOT; };
		4C10DF201B67EC9300A73A1A /* CoreLocation.framework */ = {isa = PBXFileReference; lastKnownFileType = wrapper.framework; name = CoreLocation.framework; path = System/Library/Frameworks/CoreLocation.framework; sourceTree = SDKROOT; };
/* End PBXFileReference section */

/* Begin PBXFrameworksBuildPhase section */
		4C10DEF61B67E02F00A73A1A /* Frameworks */ = {
			isa = PBXFrameworksBuildPhase;
			buildActionMask = 2147483647;
			files = (
				4C10DF211B67EC9300A73A1A /* CoreLocation.framework in Frameworks */,
				4C10DF1F1B67EB1F00A73A1A /* MapKit.framework in Frameworks */,
			);
			runOnlyForDeploymentPostprocessing = 0;
		};
		4C10DF0B1B67E02F00A73A1A /* Frameworks */ = {
			isa = PBXFrameworksBuildPhase;
			buildActionMask = 2147483647;
			files = (
			);
			runOnlyForDeploymentPostprocessing = 0;
		};
/* End PBXFrameworksBuildPhase section */

/* Begin PBXGroup section */
		4C10DEF01B67E02E00A73A1A = {
			isa = PBXGroup;
			children = (
				4C10DF201B67EC9300A73A1A /* CoreLocation.framework */,
				4C10DF1E1B67EB1F00A73A1A /* MapKit.framework */,
				4C10DEFB1B67E02F00A73A1A /* ISS */,
				4C10DF111B67E02F00A73A1A /* ISSTests */,
				4C10DEFA1B67E02F00A73A1A /* Products */,
			);
			sourceTree = "<group>";
		};
		4C10DEFA1B67E02F00A73A1A /* Products */ = {
			isa = PBXGroup;
			children = (
				4C10DEF91B67E02F00A73A1A /* ISS.app */,
				4C10DF0E1B67E02F00A73A1A /* ISSTests.xctest */,
			);
			name = Products;
			sourceTree = "<group>";
		};
		4C10DEFB1B67E02F00A73A1A /* ISS */ = {
			isa = PBXGroup;
			children = (
				4C10DEFE1B67E02F00A73A1A /* AppDelegate.swift */,
				4C10DF001B67E02F00A73A1A /* ISSLocationViewController.swift */,
				4C10DF021B67E02F00A73A1A /* Main.storyboard */,
				4C10DF051B67E02F00A73A1A /* Images.xcassets */,
				4C10DF071B67E02F00A73A1A /* LaunchScreen.xib */,
				4C10DEFC1B67E02F00A73A1A /* Supporting Files */,
			);
			path = ISS;
			sourceTree = "<group>";
		};
		4C10DEFC1B67E02F00A73A1A /* Supporting Files */ = {
			isa = PBXGroup;
			children = (
				4C10DEFD1B67E02F00A73A1A /* Info.plist */,
			);
			name = "Supporting Files";
			sourceTree = "<group>";
		};
		4C10DF111B67E02F00A73A1A /* ISSTests */ = {
			isa = PBXGroup;
			children = (
				4C10DF141B67E02F00A73A1A /* ISSTests.swift */,
				4C10DF121B67E02F00A73A1A /* Supporting Files */,
			);
			path = ISSTests;
			sourceTree = "<group>";
		};
		4C10DF121B67E02F00A73A1A /* Supporting Files */ = {
			isa = PBXGroup;
			children = (
				4C10DF131B67E02F00A73A1A /* Info.plist */,
			);
			name = "Supporting Files";
			sourceTree = "<group>";
		};
/* End PBXGroup section */

/* Begin PBXNativeTarget section */
		4C10DEF81B67E02F00A73A1A /* ISS */ = {
			isa = PBXNativeTarget;
			buildConfigurationList = 4C10DF181B67E02F00A73A1A /* Build configuration list for PBXNativeTarget "ISS" */;
			buildPhases = (
				4C10DEF51B67E02F00A73A1A /* Sources */,
				4C10DEF61B67E02F00A73A1A /* Frameworks */,
				4C10DEF71B67E02F00A73A1A /* Resources */,
			);
			buildRules = (
			);
			dependencies = (
			);
			name = ISS;
			productName = ISS;
			productReference = 4C10DEF91B67E02F00A73A1A /* ISS.app */;
			productType = "com.apple.product-type.application";
		};
		4C10DF0D1B67E02F00A73A1A /* ISSTests */ = {
			isa = PBXNativeTarget;
			buildConfigurationList = 4C10DF1B1B67E02F00A73A1A /* Build configuration list for PBXNativeTarget "ISSTests" */;
			buildPhases = (
				4C10DF0A1B67E02F00A73A1A /* Sources */,
				4C10DF0B1B67E02F00A73A1A /* Frameworks */,
				4C10DF0C1B67E02F00A73A1A /* Resources */,
			);
			buildRules = (
			);
			dependencies = (
				4C10DF101B67E02F00A73A1A /* PBXTargetDependency */,
			);
			name = ISSTests;
			productName = ISSTests;
			productReference = 4C10DF0E1B67E02F00A73A1A /* ISSTests.xctest */;
			productType = "com.apple.product-type.bundle.unit-test";
		};
/* End PBXNativeTarget section */

/* Begin PBXProject section */
		4C10DEF11B67E02E00A73A1A /* Project object */ = {
			isa = PBXProject;
			attributes = {
				LastUpgradeCheck = 0640;
				ORGANIZATIONNAME = Michaelosity;
				TargetAttributes = {
					4C10DEF81B67E02F00A73A1A = {
						CreatedOnToolsVersion = 6.4;
						SystemCapabilities = {
							com.apple.Maps.iOS = {
								enabled = 1;
							};
						};
					};
					4C10DF0D1B67E02F00A73A1A = {
						CreatedOnToolsVersion = 6.4;
						TestTargetID = 4C10DEF81B67E02F00A73A1A;
					};
				};
			};
			buildConfigurationList = 4C10DEF41B67E02E00A73A1A /* Build configuration list for PBXProject "ISS" */;
			compatibilityVersion = "Xcode 3.2";
			developmentRegion = English;
			hasScannedForEncodings = 0;
			knownRegions = (
				en,
				Base,
			);
			mainGroup = 4C10DEF01B67E02E00A73A1A;
			productRefGroup = 4C10DEFA1B67E02F00A73A1A /* Products */;
			projectDirPath = "";
			projectRoot = "";
			targets = (
				4C10DEF81B67E02F00A73A1A /* ISS */,
				4C10DF0D1B67E02F00A73A1A /* ISSTests */,
			);
		};
/* End PBXProject section */

/* Begin PBXResourcesBuildPhase section */
		4C10DEF71B67E02F00A73A1A /* Resources */ = {
			isa = PBXResourcesBuildPhase;
			buildActionMask = 2147483647;
			files = (
				4C10DF041B67E02F00A73A1A /* Main.storyboard in Resources */,
				4C10DF091B67E02F00A73A1A /* LaunchScreen.xib in Resources */,
				4C10DF061B67E02F00A73A1A /* Images.xcassets in Resources */,
			);
			runOnlyForDeploymentPostprocessing = 0;
		};
		4C10DF0C1B67E02F00A73A1A /* Resources */ = {
			isa = PBXResourcesBuildPhase;
			buildActionMask = 2147483647;
			files = (
			);
			runOnlyForDeploymentPostprocessing = 0;
		};
/* End PBXResourcesBuildPhase section */

/* Begin PBXSourcesBuildPhase section */
		4C10DEF51B67E02F00A73A1A /* Sources */ = {
			isa = PBXSourcesBuildPhase;
			buildActionMask = 2147483647;
			files = (
				4C10DF011B67E02F00A73A1A /* ISSLocationViewController.swift in Sources */,
				4C10DEFF1B67E02F00A73A1A /* AppDelegate.swift in Sources */,
			);
			runOnlyForDeploymentPostprocessing = 0;
		};
		4C10DF0A1B67E02F00A73A1A /* Sources */ = {
			isa = PBXSourcesBuildPhase;
			buildActionMask = 2147483647;
			files = (
				4C10DF151B67E02F00A73A1A /* ISSTests.swift in Sources */,
			);
			runOnlyForDeploymentPostprocessing = 0;
		};
/* End PBXSourcesBuildPhase section */

/* Begin PBXTargetDependency section */
		4C10DF101B67E02F00A73A1A /* PBXTargetDependency */ = {
			isa = PBXTargetDependency;
			target = 4C10DEF81B67E02F00A73A1A /* ISS */;
			targetProxy = 4C10DF0F1B67E02F00A73A1A /* PBXContainerItemProxy */;
		};
/* End PBXTargetDependency section */

/* Begin PBXVariantGroup section */
		4C10DF021B67E02F00A73A1A /* Main.storyboard */ = {
			isa = PBXVariantGroup;
			children = (
				4C10DF031B67E02F00A73A1A /* Base */,
			);
			name = Main.storyboard;
			sourceTree = "<group>";
		};
		4C10DF071B67E02F00A73A1A /* LaunchScreen.xib */ = {
			isa = PBXVariantGroup;
			children = (
				4C10DF081B67E02F00A73A1A /* Base */,
			);
			name = LaunchScreen.xib;
			sourceTree = "<group>";
		};
/* End PBXVariantGroup section */

/* Begin XCBuildConfiguration section */
		4C10DF161B67E02F00A73A1A /* Debug */ = {
			isa = XCBuildConfiguration;
			buildSettings = {
				ALWAYS_SEARCH_USER_PATHS = NO;
				CLANG_CXX_LANGUAGE_STANDARD = "gnu++0x";
				CLANG_CXX_LIBRARY = "libc++";
				CLANG_ENABLE_MODULES = YES;
				CLANG_ENABLE_OBJC_ARC = YES;
				CLANG_WARN_BOOL_CONVERSION = YES;
				CLANG_WARN_CONSTANT_CONVERSION = YES;
				CLANG_WARN_DIRECT_OBJC_ISA_USAGE = YES_ERROR;
				CLANG_WARN_EMPTY_BODY = YES;
				CLANG_WARN_ENUM_CONVERSION = YES;
				CLANG_WARN_INT_CONVERSION = YES;
				CLANG_WARN_OBJC_ROOT_CLASS = YES_ERROR;
				CLANG_WARN_UNREACHABLE_CODE = YES;
				CLANG_WARN__DUPLICATE_METHOD_MATCH = YES;
				"CODE_SIGN_IDENTITY[sdk=iphoneos*]" = "iPhone Developer";
				COPY_PHASE_STRIP = NO;
				DEBUG_INFORMATION_FORMAT = "dwarf-with-dsym";
				ENABLE_STRICT_OBJC_MSGSEND = YES;
				GCC_C_LANGUAGE_STANDARD = gnu99;
				GCC_DYNAMIC_NO_PIC = NO;
				GCC_NO_COMMON_BLOCKS = YES;
				GCC_OPTIMIZATION_LEVEL = 0;
				GCC_PREPROCESSOR_DEFINITIONS = (
					"DEBUG=1",
					"$(inherited)",
				);
				GCC_SYMBOLS_PRIVATE_EXTERN = NO;
				GCC_WARN_64_TO_32_BIT_CONVERSION = YES;
				GCC_WARN_ABOUT_RETURN_TYPE = YES_ERROR;
				GCC_WARN_UNDECLARED_SELECTOR = YES;
				GCC_WARN_UNINITIALIZED_AUTOS = YES_AGGRESSIVE;
				GCC_WARN_UNUSED_FUNCTION = YES;
				GCC_WARN_UNUSED_VARIABLE = YES;
				IPHONEOS_DEPLOYMENT_TARGET = 8.4;
				MTL_ENABLE_DEBUG_INFO = YES;
				ONLY_ACTIVE_ARCH = YES;
				SDKROOT = iphoneos;
				SWIFT_OPTIMIZATION_LEVEL = "-Onone";
				TARGETED_DEVICE_FAMILY = "1,2";
			};
			name = Debug;
		};
		4C10DF171B67E02F00A73A1A /* Release */ = {
			isa = XCBuildConfiguration;
			buildSettings = {
				ALWAYS_SEARCH_USER_PATHS = NO;
				CLANG_CXX_LANGUAGE_STANDARD = "gnu++0x";
				CLANG_CXX_LIBRARY = "libc++";
				CLANG_ENABLE_MODULES = YES;
				CLANG_ENABLE_OBJC_ARC = YES;
				CLANG_WARN_BOOL_CONVERSION = YES;
				CLANG_WARN_CONSTANT_CONVERSION = YES;
				CLANG_WARN_DIRECT_OBJC_ISA_USAGE = YES_ERROR;
				CLANG_WARN_EMPTY_BODY = YES;
				CLANG_WARN_ENUM_CONVERSION = YES;
				CLANG_WARN_INT_CONVERSION = YES;
				CLANG_WARN_OBJC_ROOT_CLASS = YES_ERROR;
				CLANG_WARN_UNREACHABLE_CODE = YES;
				CLANG_WARN__DUPLICATE_METHOD_MATCH = YES;
				"CODE_SIGN_IDENTITY[sdk=iphoneos*]" = "iPhone Developer";
				COPY_PHASE_STRIP = NO;
				DEBUG_INFORMATION_FORMAT = "dwarf-with-dsym";
				ENABLE_NS_ASSERTIONS = NO;
				ENABLE_STRICT_OBJC_MSGSEND = YES;
				GCC_C_LANGUAGE_STANDARD = gnu99;
				GCC_NO_COMMON_BLOCKS = YES;
				GCC_WARN_64_TO_32_BIT_CONVERSION = YES;
				GCC_WARN_ABOUT_RETURN_TYPE = YES_ERROR;
				GCC_WARN_UNDECLARED_SELECTOR = YES;
				GCC_WARN_UNINITIALIZED_AUTOS = YES_AGGRESSIVE;
				GCC_WARN_UNUSED_FUNCTION = YES;
				GCC_WARN_UNUSED_VARIABLE = YES;
				IPHONEOS_DEPLOYMENT_TARGET = 8.4;
				MTL_ENABLE_DEBUG_INFO = NO;
				SDKROOT = iphoneos;
				TARGETED_DEVICE_FAMILY = "1,2";
				VALIDATE_PRODUCT = YES;
			};
			name = Release;
		};
		4C10DF191B67E02F00A73A1A /* Debug */ = {
			isa = XCBuildConfiguration;
			buildSettings = {
				ASSETCATALOG_COMPILER_APPICON_NAME = AppIcon;
				INFOPLIST_FILE = ISS/Info.plist;
				LD_RUNPATH_SEARCH_PATHS = "$(inherited) @executable_path/Frameworks";
				PRODUCT_NAME = "$(TARGET_NAME)";
			};
			name = Debug;
		};
		4C10DF1A1B67E02F00A73A1A /* Release */ = {
			isa = XCBuildConfiguration;
			buildSettings = {
				ASSETCATALOG_COMPILER_APPICON_NAME = AppIcon;
				INFOPLIST_FILE = ISS/Info.plist;
				LD_RUNPATH_SEARCH_PATHS = "$(inherited) @executable_path/Frameworks";
				PRODUCT_NAME = "$(TARGET_NAME)";
			};
			name = Release;
		};
		4C10DF1C1B67E02F00A73A1A /* Debug */ = {
			isa = XCBuildConfiguration;
			buildSettings = {
				BUNDLE_LOADER = "$(TEST_HOST)";
				FRAMEWORK_SEARCH_PATHS = (
					"$(SDKROOT)/Developer/Library/Frameworks",
					"$(inherited)",
				);
				GCC_PREPROCESSOR_DEFINITIONS = (
					"DEBUG=1",
					"$(inherited)",
				);
				INFOPLIST_FILE = ISSTests/Info.plist;
				LD_RUNPATH_SEARCH_PATHS = "$(inherited) @executable_path/Frameworks @loader_path/Frameworks";
				PRODUCT_NAME = "$(TARGET_NAME)";
				TEST_HOST = "$(BUILT_PRODUCTS_DIR)/ISS.app/ISS";
			};
			name = Debug;
		};
		4C10DF1D1B67E02F00A73A1A /* Release */ = {
			isa = XCBuildConfiguration;
			buildSettings = {
				BUNDLE_LOADER = "$(TEST_HOST)";
				FRAMEWORK_SEARCH_PATHS = (
					"$(SDKROOT)/Developer/Library/Frameworks",
					"$(inherited)",
				);
				INFOPLIST_FILE = ISSTests/Info.plist;
				LD_RUNPATH_SEARCH_PATHS = "$(inherited) @executable_path/Frameworks @loader_path/Frameworks";
				PRODUCT_NAME = "$(TARGET_NAME)";
				TEST_HOST = "$(BUILT_PRODUCTS_DIR)/ISS.app/ISS";
			};
			name = Release;
		};
/* End XCBuildConfiguration section */

/* Begin XCConfigurationList section */
		4C10DEF41B67E02E00A73A1A /* Build configuration list for PBXProject "ISS" */ = {
			isa = XCConfigurationList;
			buildConfigurations = (
				4C10DF161B67E02F00A73A1A /* Debug */,
				4C10DF171B67E02F00A73A1A /* Release */,
			);
			defaultConfigurationIsVisible = 0;
			defaultConfigurationName = Release;
		};
		4C10DF181B67E02F00A73A1A /* Build configuration list for PBXNativeTarget "ISS" */ = {
			isa = XCConfigurationList;
			buildConfigurations = (
				4C10DF191B67E02F00A73A1A /* Debug */,
				4C10DF1A1B67E02F00A73A1A /* Release */,
			);
			defaultConfigurationIsVisible = 0;
			defaultConfigurationName = Release;
		};
		4C10DF1B1B67E02F00A73A1A /* Build configuration list for PBXNativeTarget "ISSTests" */ = {
			isa = XCConfigurationList;
			buildConfigurations = (
				4C10DF1C1B67E02F00A73A1A /* Debug */,
				4C10DF1D1B67E02F00A73A1A /* Release */,
			);
			defaultConfigurationIsVisible = 0;
			defaultConfigurationName = Release;
		};
/* End XCConfigurationList section */
	};
	rootObject = 4C10DEF11B67E02E00A73A1A /* Project object */;
}
